<?xml version="1.0" encoding="utf-8"?>
<Project ToolsVersion="4.0" xmlns="http://schemas.microsoft.com/developer/msbuild/2003">
  <ItemGroup>
    <Filter Include="Source Files">
      <UniqueIdentifier>{4FC737F1-C7A5-4376-A066-2A32D752A2FF}</UniqueIdentifier>
      <Extensions>cpp;c;cc;cxx;def;odl;idl;hpj;bat;asm;asmx</Extensions>
    </Filter>
    <Filter Include="Header Files">
      <UniqueIdentifier>{93995380-89BD-4b04-88EB-625FBE52EBFB}</UniqueIdentifier>
      <Extensions>h;hh;hpp;hxx;hm;inl;inc;xsd</Extensions>
    </Filter>
    <Filter Include="Resource Files">
      <UniqueIdentifier>{67DA6AB6-F800-4c08-8B7A-83BB121AAD01}</UniqueIdentifier>
      <Extensions>rc;ico;cur;bmp;dlg;rc2;rct;bin;rgs;gif;jpg;jpeg;jpe;resx;tiff;tif;png;wav;mfcribbon-ms</Extensions>
    </Filter>
  </ItemGroup>
  <ItemGroup>
    <ClCompile Include="contorno.cpp">
      <Filter>Source Files</Filter>
    </ClCompile>
    <ClCompile Include="cubo.cpp">
      <Filter>Source Files</Filter>
    </ClCompile>
    <ClCompile Include="escena.cpp">
      <Filter>Source Files</Filter>
    </ClCompile>
    <ClCompile Include="esfera.cpp">
      <Filter>Source Files</Filter>
    </ClCompile>
    <ClCompile Include="glMotorJuegosBase.cpp">
      <Filter>Source Files</Filter>
    </ClCompile>
    <ClCompile Include="modelo.cpp">
      <Filter>Source Files</Filter>
    </ClCompile>
    <ClCompile Include="particula.cpp">
      <Filter>Source Files</Filter>
    </ClCompile>
    <ClCompile Include="plano.cpp">
      <Filter>Source Files</Filter>
    </ClCompile>
    <ClCompile Include="planoX.cpp">
      <Filter>Source Files</Filter>
    </ClCompile>
    <ClCompile Include="planoY.cpp">
      <Filter>Source Files</Filter>
    </ClCompile>
    <ClCompile Include="planoZ.cpp">
      <Filter>Source Files</Filter>
    </ClCompile>
    <ClCompile Include="renderizable.cpp">
      <Filter>Source Files</Filter>
    </ClCompile>
    <ClCompile Include="solido.cpp">
      <Filter>Source Files</Filter>
    </ClCompile>
    <ClCompile Include="triangulo.cpp">
      <Filter>Source Files</Filter>
    </ClCompile>
  </ItemGroup>
  <ItemGroup>
    <ClInclude Include="contorno.h">
      <Filter>Header Files</Filter>
    </ClInclude>
    <ClInclude Include="cubo.h">
      <Filter>Header Files</Filter>
    </ClInclude>
    <ClInclude Include="escena.h">
      <Filter>Header Files</Filter>
    </ClInclude>
    <ClInclude Include="esfera.h">
      <Filter>Header Files</Filter>
    </ClInclude>
    <ClInclude Include="modelo.h">
      <Filter>Header Files</Filter>
    </ClInclude>
    <ClInclude Include="particula.h">
      <Filter>Header Files</Filter>
    </ClInclude>
    <ClInclude Include="plano.h">
      <Filter>Header Files</Filter>
    </ClInclude>
    <ClInclude Include="planoX.h">
      <Filter>Header Files</Filter>
    </ClInclude>
    <ClInclude Include="planoY.h">
      <Filter>Header Files</Filter>
    </ClInclude>
    <ClInclude Include="planoZ.h">
      <Filter>Header Files</Filter>
    </ClInclude>
    <ClInclude Include="renderizable.h">
      <Filter>Header Files</Filter>
    </ClInclude>
    <ClInclude Include="solido.h">
      <Filter>Header Files</Filter>
    </ClInclude>
    <ClInclude Include="triangulo.h">
      <Filter>Header Files</Filter>
    </ClInclude>
    <ClInclude Include="vector3d.h">
      <Filter>Header Files</Filter>
    </ClInclude>
  </ItemGroup>
</Project>